
Microsoft Visual Studio Solution File, Format Version 12.00
# Visual Studio Version 17
VisualStudioVersion = 17.2.32630.192
MinimumVisualStudioVersion = 10.0.40219.1
Project("{FAE04EC0-301F-11D3-BF4B-00C04F79EFBC}") = "Meu  projeto", "Meu  projeto\Meu  projeto.csproj", "{76CBAD18-76E7-4A08-8D15-778DF4630D3E}"
EndProject
Global
	GlobalSection(SolutionConfigurationPlatforms) = preSolution
		Debug|Any CPU = Debug|Any CPU
		Release|Any CPU = Release|Any CPU
	EndGlobalSection
	GlobalSection(ProjectConfigurationPlatforms) = postSolution
		{76CBAD18-76E7-4A08-8D15-778DF4630D3E}.Debug|Any CPU.ActiveCfg = Debug|Any CPU
		{76CBAD18-76E7-4A08-8D15-778DF4630D3E}.Debug|Any CPU.Build.0 = Debug|Any CPU
		{76CBAD18-76E7-4A08-8D15-778DF4630D3E}.Release|Any CPU.ActiveCfg = Release|Any CPU
		{76CBAD18-76E7-4A08-8D15-778DF4630D3E}.Release|Any CPU.Build.0 = Release|Any CPU
	EndGlobalSection
	GlobalSection(SolutionProperties) = preSolution
		HideSolutionNode = FALSE
	EndGlobalSection
	GlobalSection(ExtensibilityGlobals) = postSolution
		SolutionGuid = {FB0EF171-D3AA-448B-9470-CD33FA4A2D19}
	EndGlobalSection
EndGlobal
